
Microsoft Visual Studio Solution File, Format Version 12.00
# Visual Studio Version 17
VisualStudioVersion = 17.0.31903.59
MinimumVisualStudioVersion = 10.0.40219.1
Project("{FAE04EC0-301F-11D3-BF4B-00C04F79EFBC}") = "API", "API\API.csproj", "{61C1B84E-9DB4-46E6-B2A7-13773A98A128}"
EndProject
Project("{FAE04EC0-301F-11D3-BF4B-00C04F79EFBC}") = "Core", "Core\Core.csproj", "{1753C26D-99DF-4869-B11E-6CF00EA48AB5}"
EndProject
Project("{FAE04EC0-301F-11D3-BF4B-00C04F79EFBC}") = "Infrastructure", "Infrastructure\Infrastructure.csproj", "{DB7ABF67-F3B1-4B3F-B6B5-44657C446C6C}"
EndProject
Global
	GlobalSection(SolutionConfigurationPlatforms) = preSolution
		Debug|Any CPU = Debug|Any CPU
		Release|Any CPU = Release|Any CPU
	EndGlobalSection
	GlobalSection(SolutionProperties) = preSolution
		HideSolutionNode = FALSE
	EndGlobalSection
	GlobalSection(ProjectConfigurationPlatforms) = postSolution
		{61C1B84E-9DB4-46E6-B2A7-13773A98A128}.Debug|Any CPU.ActiveCfg = Debug|Any CPU
		{61C1B84E-9DB4-46E6-B2A7-13773A98A128}.Debug|Any CPU.Build.0 = Debug|Any CPU
		{61C1B84E-9DB4-46E6-B2A7-13773A98A128}.Release|Any CPU.ActiveCfg = Release|Any CPU
		{61C1B84E-9DB4-46E6-B2A7-13773A98A128}.Release|Any CPU.Build.0 = Release|Any CPU
		{1753C26D-99DF-4869-B11E-6CF00EA48AB5}.Debug|Any CPU.ActiveCfg = Debug|Any CPU
		{1753C26D-99DF-4869-B11E-6CF00EA48AB5}.Debug|Any CPU.Build.0 = Debug|Any CPU
		{1753C26D-99DF-4869-B11E-6CF00EA48AB5}.Release|Any CPU.ActiveCfg = Release|Any CPU
		{1753C26D-99DF-4869-B11E-6CF00EA48AB5}.Release|Any CPU.Build.0 = Release|Any CPU
		{DB7ABF67-F3B1-4B3F-B6B5-44657C446C6C}.Debug|Any CPU.ActiveCfg = Debug|Any CPU
		{DB7ABF67-F3B1-4B3F-B6B5-44657C446C6C}.Debug|Any CPU.Build.0 = Debug|Any CPU
		{DB7ABF67-F3B1-4B3F-B6B5-44657C446C6C}.Release|Any CPU.ActiveCfg = Release|Any CPU
		{DB7ABF67-F3B1-4B3F-B6B5-44657C446C6C}.Release|Any CPU.Build.0 = Release|Any CPU
	EndGlobalSection
EndGlobal
