
Microsoft Visual Studio Solution File, Format Version 12.00
# Visual Studio Version 17
VisualStudioVersion = 17.0.31903.59
MinimumVisualStudioVersion = 10.0.40219.1
Project("{FAE04EC0-301F-11D3-BF4B-00C04F79EFBC}") = "API", "API\API.csproj", "{88190DA0-33EA-494B-BF59-F5F8A106882E}"
EndProject
Project("{FAE04EC0-301F-11D3-BF4B-00C04F79EFBC}") = "Infrastructure", "Infrastructure\Infrastructure.csproj", "{A90F2969-0E96-41DB-AF98-87BFF0A75872}"
EndProject
Project("{FAE04EC0-301F-11D3-BF4B-00C04F79EFBC}") = "Core", "Core\Core.csproj", "{8F0C48E9-0212-47A7-AB54-D6D63AC47CBC}"
EndProject
Global
	GlobalSection(SolutionConfigurationPlatforms) = preSolution
		Debug|Any CPU = Debug|Any CPU
		Release|Any CPU = Release|Any CPU
	EndGlobalSection
	GlobalSection(SolutionProperties) = preSolution
		HideSolutionNode = FALSE
	EndGlobalSection
	GlobalSection(ProjectConfigurationPlatforms) = postSolution
		{88190DA0-33EA-494B-BF59-F5F8A106882E}.Debug|Any CPU.ActiveCfg = Debug|Any CPU
		{88190DA0-33EA-494B-BF59-F5F8A106882E}.Debug|Any CPU.Build.0 = Debug|Any CPU
		{88190DA0-33EA-494B-BF59-F5F8A106882E}.Release|Any CPU.ActiveCfg = Release|Any CPU
		{88190DA0-33EA-494B-BF59-F5F8A106882E}.Release|Any CPU.Build.0 = Release|Any CPU
		{A90F2969-0E96-41DB-AF98-87BFF0A75872}.Debug|Any CPU.ActiveCfg = Debug|Any CPU
		{A90F2969-0E96-41DB-AF98-87BFF0A75872}.Debug|Any CPU.Build.0 = Debug|Any CPU
		{A90F2969-0E96-41DB-AF98-87BFF0A75872}.Release|Any CPU.ActiveCfg = Release|Any CPU
		{A90F2969-0E96-41DB-AF98-87BFF0A75872}.Release|Any CPU.Build.0 = Release|Any CPU
		{8F0C48E9-0212-47A7-AB54-D6D63AC47CBC}.Debug|Any CPU.ActiveCfg = Debug|Any CPU
		{8F0C48E9-0212-47A7-AB54-D6D63AC47CBC}.Debug|Any CPU.Build.0 = Debug|Any CPU
		{8F0C48E9-0212-47A7-AB54-D6D63AC47CBC}.Release|Any CPU.ActiveCfg = Release|Any CPU
		{8F0C48E9-0212-47A7-AB54-D6D63AC47CBC}.Release|Any CPU.Build.0 = Release|Any CPU
	EndGlobalSection
EndGlobal
